# nano open-core image digests — generated by build-and-push.yml (merge-manifests).
# Verified by install.sh after `docker compose pull`. Do not edit by hand.
# Release: v0.1.691
ghcr.io/nano-rs/nano-api sha256:7362f37acf494c6ef467c2d582365f6bc44479983a51a2ddc3778b345c113549
ghcr.io/nano-rs/nano-search sha256:364b465d178c7bc28196b30518e32af7bfb26d9c947c0f381c9cc4377a5dde83
ghcr.io/nano-rs/nano-jobs sha256:9709f5b05c0bfc71241355376078d9e74ebd55a925d4e70b181c7c373b516e53
ghcr.io/nano-rs/nano-web sha256:dce60766e4ee5c84d5b7f975ab2636f70759073c9061cbebb84bd2e28000de15

# Third-party base images (NAN-1258) — mirrored from docker-compose.opensource.yml @sha256 pins.
# Self-contained (tagged) + version-independent: verified on every install, including pinned NANO_VERSION.
# Default-stack only (NAN-1660): images under a compose `profiles:` gate are excluded.
postgres:17 sha256:0027bef26712baaee437a4ea48fdf3d2d2e2bc5f0d81615374408ca320f3c7e3
clickhouse/clickhouse-server:26.5 sha256:07afc18d8a9706eb9d85c5c5d2752e5270f91bbc2894caeaecb73e4d0f603bf5
docker.dragonflydb.io/dragonflydb/dragonfly:v1.38.1 sha256:baf70ba7ad182a992b988497cfa31a488978c8fab7712079784c2401f447e402
timberio/vector:0.56.0-debian sha256:93b072b416fd29152f1bfe5bd2925a0b48999aeb069f3ae000691f82a135c200
nginx:alpine sha256:8b1e78743a03dbb2c95171cc58639fef29abc8816598e27fb910ed2e621e589a
