# nano open-core image digests — generated by build-and-push.yml (merge-manifests).
# Verified by install.sh after `docker compose pull`. Do not edit by hand.
# Release: v0.1.614
ghcr.io/nano-rs/nano-api sha256:d86cf5948933caa52ed055967e615741758704c4b4e1f49cc6d03a82154a7ba1
ghcr.io/nano-rs/nano-search sha256:8c10116fd00920d463c985056514e8c86209bedf92a8a71e439a93df1b3f2c2e
ghcr.io/nano-rs/nano-jobs sha256:f5bcb8816e1e9cbcde4e761d7aaa638c940876f3f9d8a9e7cfc4f78ea1998190
ghcr.io/nano-rs/nano-web sha256:100ebba0e10f5b4f2c21181843f4096dc9e6a7151861744e1c4e57e6323d6c8a

# Third-party base images (NAN-1258) — mirrored from docker-compose.opensource.yml @sha256 pins.
# Self-contained (tagged) + version-independent: verified on every install, including pinned NANO_VERSION.
postgres:17 sha256:0027bef26712baaee437a4ea48fdf3d2d2e2bc5f0d81615374408ca320f3c7e3
clickhouse/clickhouse-server:26.5 sha256:07afc18d8a9706eb9d85c5c5d2752e5270f91bbc2894caeaecb73e4d0f603bf5
docker.dragonflydb.io/dragonflydb/dragonfly:v1.38.1 sha256:baf70ba7ad182a992b988497cfa31a488978c8fab7712079784c2401f447e402
timberio/vector:0.56.0-debian sha256:93b072b416fd29152f1bfe5bd2925a0b48999aeb069f3ae000691f82a135c200
nginx:alpine sha256:8b1e78743a03dbb2c95171cc58639fef29abc8816598e27fb910ed2e621e589a
