# nano open-core image digests — generated by build-and-push.yml (merge-manifests).
# Verified by install.sh after `docker compose pull`. Do not edit by hand.
# Release: v0.1.598
ghcr.io/nano-rs/nano-api sha256:2598d59054d2a2cbb9db3192832b8204f039d5901aef26906a0d1edddc1a02c4
ghcr.io/nano-rs/nano-search sha256:53868c90daa621b094c03815cf88388f1ab72adb98c4d1d8aca132df55e71112
ghcr.io/nano-rs/nano-jobs sha256:63a5d25b37991fb543d427bf86ca35b8f45577b9040cb174fac0a20014c71231
ghcr.io/nano-rs/nano-web sha256:076b9f1256947c1483515f54b8081e1c31ba7ca44d36981587a539d246f573f8
